
Microsoft Visual Studio Solution File, Format Version 12.00
# Visual Studio 14
VisualStudioVersion = 14.0.25420.1
MinimumVisualStudioVersion = 10.0.40219.1
Project("{F2A71F9B-5D33-465A-A702-920D77279786}") = "Piri", "Piri\Piri.fsproj", "{62CDAA85-EF0F-4168-8853-7673D89B9779}"
EndProject
Project("{2150E333-8FDC-42A3-9474-1A3956D46DE8}") = "Samples", "Samples", "{3928043E-AD9D-40E9-B818-3FB3DD6EEA06}"
EndProject
Project("{F2A71F9B-5D33-465A-A702-920D77279786}") = "Piri.Master", "samples\Piri.Master\Piri.Master.fsproj", "{BDA478E7-6467-43D3-AB42-E3AACB646705}"
EndProject
Project("{F2A71F9B-5D33-465A-A702-920D77279786}") = "Piri.Worker", "samples\Piri.Worker\Piri.Worker.fsproj", "{65F501C4-C616-4B4A-A09B-60464A32D35D}"
EndProject
Project("{2150E333-8FDC-42A3-9474-1A3956D46DE8}") = "KMeans", "KMeans", "{3B34217A-FA16-49C4-A943-5934F0ACE1B2}"
EndProject
Project("{F2A71F9B-5D33-465A-A702-920D77279786}") = "KMeans.Worker", "samples\KMeans\KMeans.Worker\KMeans.Worker.fsproj", "{58360E9B-63B0-4A76-93A4-4324C2D9C6AB}"
EndProject
Project("{F2A71F9B-5D33-465A-A702-920D77279786}") = "KMeans.Master", "samples\KMeans\KMeans.Master\KMeans.Master.fsproj", "{23A5450C-4763-45CD-80F6-9642F5F06F0E}"
EndProject
Project("{2150E333-8FDC-42A3-9474-1A3956D46DE8}") = "ImageRecognition", "ImageRecognition", "{E77039D7-7832-45E7-A36C-B4EF90C9972F}"
EndProject
Project("{2150E333-8FDC-42A3-9474-1A3956D46DE8}") = "VirtualObjects", "VirtualObjects", "{77C8F536-4F94-4A49-B911-116AD9B9D638}"
EndProject
Project("{F2A71F9B-5D33-465A-A702-920D77279786}") = "VirtualObjects.Worker", "samples\VirtualObjects\VirtualObjects.Worker\VirtualObjects.Worker.fsproj", "{ADEC14A6-9EAF-4065-A859-95D772B14B4B}"
EndProject
Project("{F2A71F9B-5D33-465A-A702-920D77279786}") = "VisualObjects.Master", "samples\VirtualObjects\VisualObjects.Master\VisualObjects.Master.fsproj", "{FF66833F-94C8-4C53-9924-50BB8E96FF8A}"
EndProject
Project("{F2A71F9B-5D33-465A-A702-920D77279786}") = "ImageRecognition.Worker", "samples\ImageRecognition\ImageRecognition.Worker\ImageRecognition.Worker.fsproj", "{30D7C601-018B-4B17-BD2C-A293F865B92B}"
EndProject
Project("{F2A71F9B-5D33-465A-A702-920D77279786}") = "ImageRecognition.Master", "samples\ImageRecognition\ImageRecognition.Master\ImageRecognition.Master.fsproj", "{A7482FDA-429B-420B-865C-D312B0300050}"
EndProject
Project("{2150E333-8FDC-42A3-9474-1A3956D46DE8}") = "Fractal", "Fractal", "{5B7F1D28-C7E8-492C-8E71-FBCE945ACAC6}"
EndProject
Project("{F2A71F9B-5D33-465A-A702-920D77279786}") = "Fractal.Worker", "samples\Fractal\Fractal.Worker\Fractal.Worker.fsproj", "{C7AD625B-A6A1-41B5-B556-4CF8598886D5}"
EndProject
Project("{FAE04EC0-301F-11D3-BF4B-00C04F79EFBC}") = "MandelbrotSet", "samples\Fractal\MandelbrotSet\MandelbrotSet.csproj", "{0B93FBC3-81E2-437D-8D70-61DE99E78C00}"
EndProject
Project("{F2A71F9B-5D33-465A-A702-920D77279786}") = "Fractal.Master", "samples\Fractal\Fractal.Master\Fractal.Master.fsproj", "{7A3AFB37-F17D-4557-9F9C-150ED93B7890}"
EndProject
Project("{F2A71F9B-5D33-465A-A702-920D77279786}") = "Starting", "samples\Fractal\Starting\Starting.fsproj", "{8154B91C-D6C6-44F7-9415-00B79BFB5C37}"
EndProject
Project("{F2A71F9B-5D33-465A-A702-920D77279786}") = "Mandelbrot", "samples\Fractal\Mandelbrot.Fs\Library1\Mandelbrot.fsproj", "{A289E719-0B95-410F-8769-0448BC9A69B1}"
EndProject
Project("{2150E333-8FDC-42A3-9474-1A3956D46DE8}") = "CodeQuotations", "CodeQuotations", "{346033C4-DDEA-4478-8EF3-69E8B3E218C1}"
EndProject
Project("{F2A71F9B-5D33-465A-A702-920D77279786}") = "CodeQuotations.Demos", "src\CodeQuotations\CodeQuotations.Demos\CodeQuotations.Demos.fsproj", "{8C84054C-CE6C-42FF-BD60-B68EE91B9B14}"
EndProject
Project("{F2A71F9B-5D33-465A-A702-920D77279786}") = "CodeQuotationListener", "src\CodeQuotations\CodeQuotationListener\CodeQuotationListener.fsproj", "{CE04FE23-5E3D-4A95-BFCD-1AF9561A24BA}"
EndProject
Global
	GlobalSection(SolutionConfigurationPlatforms) = preSolution
		Debug|Any CPU = Debug|Any CPU
		Release|Any CPU = Release|Any CPU
	EndGlobalSection
	GlobalSection(ProjectConfigurationPlatforms) = postSolution
		{62CDAA85-EF0F-4168-8853-7673D89B9779}.Debug|Any CPU.ActiveCfg = Debug|Any CPU
		{62CDAA85-EF0F-4168-8853-7673D89B9779}.Debug|Any CPU.Build.0 = Debug|Any CPU
		{62CDAA85-EF0F-4168-8853-7673D89B9779}.Release|Any CPU.ActiveCfg = Release|Any CPU
		{62CDAA85-EF0F-4168-8853-7673D89B9779}.Release|Any CPU.Build.0 = Release|Any CPU
		{BDA478E7-6467-43D3-AB42-E3AACB646705}.Debug|Any CPU.ActiveCfg = Debug|Any CPU
		{BDA478E7-6467-43D3-AB42-E3AACB646705}.Debug|Any CPU.Build.0 = Debug|Any CPU
		{BDA478E7-6467-43D3-AB42-E3AACB646705}.Release|Any CPU.ActiveCfg = Release|Any CPU
		{BDA478E7-6467-43D3-AB42-E3AACB646705}.Release|Any CPU.Build.0 = Release|Any CPU
		{65F501C4-C616-4B4A-A09B-60464A32D35D}.Debug|Any CPU.ActiveCfg = Debug|Any CPU
		{65F501C4-C616-4B4A-A09B-60464A32D35D}.Debug|Any CPU.Build.0 = Debug|Any CPU
		{65F501C4-C616-4B4A-A09B-60464A32D35D}.Release|Any CPU.ActiveCfg = Release|Any CPU
		{65F501C4-C616-4B4A-A09B-60464A32D35D}.Release|Any CPU.Build.0 = Release|Any CPU
		{58360E9B-63B0-4A76-93A4-4324C2D9C6AB}.Debug|Any CPU.ActiveCfg = Debug|Any CPU
		{58360E9B-63B0-4A76-93A4-4324C2D9C6AB}.Debug|Any CPU.Build.0 = Debug|Any CPU
		{58360E9B-63B0-4A76-93A4-4324C2D9C6AB}.Release|Any CPU.ActiveCfg = Release|Any CPU
		{58360E9B-63B0-4A76-93A4-4324C2D9C6AB}.Release|Any CPU.Build.0 = Release|Any CPU
		{23A5450C-4763-45CD-80F6-9642F5F06F0E}.Debug|Any CPU.ActiveCfg = Debug|Any CPU
		{23A5450C-4763-45CD-80F6-9642F5F06F0E}.Debug|Any CPU.Build.0 = Debug|Any CPU
		{23A5450C-4763-45CD-80F6-9642F5F06F0E}.Release|Any CPU.ActiveCfg = Release|Any CPU
		{23A5450C-4763-45CD-80F6-9642F5F06F0E}.Release|Any CPU.Build.0 = Release|Any CPU
		{ADEC14A6-9EAF-4065-A859-95D772B14B4B}.Debug|Any CPU.ActiveCfg = Debug|Any CPU
		{ADEC14A6-9EAF-4065-A859-95D772B14B4B}.Debug|Any CPU.Build.0 = Debug|Any CPU
		{ADEC14A6-9EAF-4065-A859-95D772B14B4B}.Release|Any CPU.ActiveCfg = Release|Any CPU
		{ADEC14A6-9EAF-4065-A859-95D772B14B4B}.Release|Any CPU.Build.0 = Release|Any CPU
		{FF66833F-94C8-4C53-9924-50BB8E96FF8A}.Debug|Any CPU.ActiveCfg = Debug|Any CPU
		{FF66833F-94C8-4C53-9924-50BB8E96FF8A}.Debug|Any CPU.Build.0 = Debug|Any CPU
		{FF66833F-94C8-4C53-9924-50BB8E96FF8A}.Release|Any CPU.ActiveCfg = Release|Any CPU
		{FF66833F-94C8-4C53-9924-50BB8E96FF8A}.Release|Any CPU.Build.0 = Release|Any CPU
		{30D7C601-018B-4B17-BD2C-A293F865B92B}.Debug|Any CPU.ActiveCfg = Debug|Any CPU
		{30D7C601-018B-4B17-BD2C-A293F865B92B}.Debug|Any CPU.Build.0 = Debug|Any CPU
		{30D7C601-018B-4B17-BD2C-A293F865B92B}.Release|Any CPU.ActiveCfg = Release|Any CPU
		{30D7C601-018B-4B17-BD2C-A293F865B92B}.Release|Any CPU.Build.0 = Release|Any CPU
		{A7482FDA-429B-420B-865C-D312B0300050}.Debug|Any CPU.ActiveCfg = Debug|Any CPU
		{A7482FDA-429B-420B-865C-D312B0300050}.Debug|Any CPU.Build.0 = Debug|Any CPU
		{A7482FDA-429B-420B-865C-D312B0300050}.Release|Any CPU.ActiveCfg = Release|Any CPU
		{A7482FDA-429B-420B-865C-D312B0300050}.Release|Any CPU.Build.0 = Release|Any CPU
		{C7AD625B-A6A1-41B5-B556-4CF8598886D5}.Debug|Any CPU.ActiveCfg = Debug|Any CPU
		{C7AD625B-A6A1-41B5-B556-4CF8598886D5}.Debug|Any CPU.Build.0 = Debug|Any CPU
		{C7AD625B-A6A1-41B5-B556-4CF8598886D5}.Release|Any CPU.ActiveCfg = Release|Any CPU
		{C7AD625B-A6A1-41B5-B556-4CF8598886D5}.Release|Any CPU.Build.0 = Release|Any CPU
		{0B93FBC3-81E2-437D-8D70-61DE99E78C00}.Debug|Any CPU.ActiveCfg = Debug|Any CPU
		{0B93FBC3-81E2-437D-8D70-61DE99E78C00}.Debug|Any CPU.Build.0 = Debug|Any CPU
		{0B93FBC3-81E2-437D-8D70-61DE99E78C00}.Release|Any CPU.ActiveCfg = Release|Any CPU
		{0B93FBC3-81E2-437D-8D70-61DE99E78C00}.Release|Any CPU.Build.0 = Release|Any CPU
		{7A3AFB37-F17D-4557-9F9C-150ED93B7890}.Debug|Any CPU.ActiveCfg = Debug|Any CPU
		{7A3AFB37-F17D-4557-9F9C-150ED93B7890}.Debug|Any CPU.Build.0 = Debug|Any CPU
		{7A3AFB37-F17D-4557-9F9C-150ED93B7890}.Release|Any CPU.ActiveCfg = Release|Any CPU
		{7A3AFB37-F17D-4557-9F9C-150ED93B7890}.Release|Any CPU.Build.0 = Release|Any CPU
		{8154B91C-D6C6-44F7-9415-00B79BFB5C37}.Debug|Any CPU.ActiveCfg = Debug|Any CPU
		{8154B91C-D6C6-44F7-9415-00B79BFB5C37}.Debug|Any CPU.Build.0 = Debug|Any CPU
		{8154B91C-D6C6-44F7-9415-00B79BFB5C37}.Release|Any CPU.ActiveCfg = Release|Any CPU
		{8154B91C-D6C6-44F7-9415-00B79BFB5C37}.Release|Any CPU.Build.0 = Release|Any CPU
		{A289E719-0B95-410F-8769-0448BC9A69B1}.Debug|Any CPU.ActiveCfg = Debug|Any CPU
		{A289E719-0B95-410F-8769-0448BC9A69B1}.Debug|Any CPU.Build.0 = Debug|Any CPU
		{A289E719-0B95-410F-8769-0448BC9A69B1}.Release|Any CPU.ActiveCfg = Release|Any CPU
		{A289E719-0B95-410F-8769-0448BC9A69B1}.Release|Any CPU.Build.0 = Release|Any CPU
		{8C84054C-CE6C-42FF-BD60-B68EE91B9B14}.Debug|Any CPU.ActiveCfg = Debug|Any CPU
		{8C84054C-CE6C-42FF-BD60-B68EE91B9B14}.Debug|Any CPU.Build.0 = Debug|Any CPU
		{8C84054C-CE6C-42FF-BD60-B68EE91B9B14}.Release|Any CPU.ActiveCfg = Release|Any CPU
		{8C84054C-CE6C-42FF-BD60-B68EE91B9B14}.Release|Any CPU.Build.0 = Release|Any CPU
		{CE04FE23-5E3D-4A95-BFCD-1AF9561A24BA}.Debug|Any CPU.ActiveCfg = Debug|Any CPU
		{CE04FE23-5E3D-4A95-BFCD-1AF9561A24BA}.Debug|Any CPU.Build.0 = Debug|Any CPU
		{CE04FE23-5E3D-4A95-BFCD-1AF9561A24BA}.Release|Any CPU.ActiveCfg = Release|Any CPU
		{CE04FE23-5E3D-4A95-BFCD-1AF9561A24BA}.Release|Any CPU.Build.0 = Release|Any CPU
	EndGlobalSection
	GlobalSection(SolutionProperties) = preSolution
		HideSolutionNode = FALSE
	EndGlobalSection
	GlobalSection(NestedProjects) = preSolution
		{BDA478E7-6467-43D3-AB42-E3AACB646705} = {3928043E-AD9D-40E9-B818-3FB3DD6EEA06}
		{65F501C4-C616-4B4A-A09B-60464A32D35D} = {3928043E-AD9D-40E9-B818-3FB3DD6EEA06}
		{3B34217A-FA16-49C4-A943-5934F0ACE1B2} = {3928043E-AD9D-40E9-B818-3FB3DD6EEA06}
		{58360E9B-63B0-4A76-93A4-4324C2D9C6AB} = {3B34217A-FA16-49C4-A943-5934F0ACE1B2}
		{23A5450C-4763-45CD-80F6-9642F5F06F0E} = {3B34217A-FA16-49C4-A943-5934F0ACE1B2}
		{E77039D7-7832-45E7-A36C-B4EF90C9972F} = {3928043E-AD9D-40E9-B818-3FB3DD6EEA06}
		{77C8F536-4F94-4A49-B911-116AD9B9D638} = {3928043E-AD9D-40E9-B818-3FB3DD6EEA06}
		{ADEC14A6-9EAF-4065-A859-95D772B14B4B} = {77C8F536-4F94-4A49-B911-116AD9B9D638}
		{FF66833F-94C8-4C53-9924-50BB8E96FF8A} = {77C8F536-4F94-4A49-B911-116AD9B9D638}
		{30D7C601-018B-4B17-BD2C-A293F865B92B} = {E77039D7-7832-45E7-A36C-B4EF90C9972F}
		{A7482FDA-429B-420B-865C-D312B0300050} = {E77039D7-7832-45E7-A36C-B4EF90C9972F}
		{5B7F1D28-C7E8-492C-8E71-FBCE945ACAC6} = {3928043E-AD9D-40E9-B818-3FB3DD6EEA06}
		{C7AD625B-A6A1-41B5-B556-4CF8598886D5} = {5B7F1D28-C7E8-492C-8E71-FBCE945ACAC6}
		{0B93FBC3-81E2-437D-8D70-61DE99E78C00} = {5B7F1D28-C7E8-492C-8E71-FBCE945ACAC6}
		{7A3AFB37-F17D-4557-9F9C-150ED93B7890} = {5B7F1D28-C7E8-492C-8E71-FBCE945ACAC6}
		{8154B91C-D6C6-44F7-9415-00B79BFB5C37} = {5B7F1D28-C7E8-492C-8E71-FBCE945ACAC6}
		{A289E719-0B95-410F-8769-0448BC9A69B1} = {5B7F1D28-C7E8-492C-8E71-FBCE945ACAC6}
		{8C84054C-CE6C-42FF-BD60-B68EE91B9B14} = {346033C4-DDEA-4478-8EF3-69E8B3E218C1}
		{CE04FE23-5E3D-4A95-BFCD-1AF9561A24BA} = {346033C4-DDEA-4478-8EF3-69E8B3E218C1}
	EndGlobalSection
EndGlobal
